// !$*UTF8*$!
{
	archiveVersion = 1;
	classes = {
	};
	objectVersion = 50;
	objects = {

/* Begin PBXBuildFile section */
		040F2AEF24786B9C00E46E50 /* PDPlayer.swift in Sources */ = {isa = PBXBuildFile; fileRef = 040F2AEE24786B9C00E46E50 /* PDPlayer.swift */; };
		040F2AF124786BB900E46E50 /* PDPlayer.xib in Resources */ = {isa = PBXBuildFile; fileRef = 040F2AF024786BB900E46E50 /* PDPlayer.xib */; };
		04617A4824770F140054320C /* PlayerViewController.swift in Sources */ = {isa = PBXBuildFile; fileRef = 04617A4724770F140054320C /* PlayerViewController.swift */; };
		04617A4A247713790054320C /* SandBoxHandler.swift in Sources */ = {isa = PBXBuildFile; fileRef = 04617A49247713780054320C /* SandBoxHandler.swift */; };
		046EF01E2475812C00125860 /* UIImageView+Downloader.swift in Sources */ = {isa = PBXBuildFile; fileRef = 046EF01D2475812C00125860 /* UIImageView+Downloader.swift */; };
		046EF0202475AC1300125860 /* ImageOperation.swift in Sources */ = {isa = PBXBuildFile; fileRef = 046EF01F2475AC1200125860 /* ImageOperation.swift */; };
		046EF0232475BEF700125860 /* placeholder.png in Resources */ = {isa = PBXBuildFile; fileRef = 046EF0222475BEF700125860 /* placeholder.png */; };
		04892676246B3FC300A1CBB9 /* AppDelegate.swift in Sources */ = {isa = PBXBuildFile; fileRef = 04892675246B3FC300A1CBB9 /* AppDelegate.swift */; };
		04892678246B3FC300A1CBB9 /* SceneDelegate.swift in Sources */ = {isa = PBXBuildFile; fileRef = 04892677246B3FC300A1CBB9 /* SceneDelegate.swift */; };
		0489267A246B3FC300A1CBB9 /* ViewController.swift in Sources */ = {isa = PBXBuildFile; fileRef = 04892679246B3FC300A1CBB9 /* ViewController.swift */; };
		0489267D246B3FC300A1CBB9 /* Main.storyboard in Resources */ = {isa = PBXBuildFile; fileRef = 0489267B246B3FC300A1CBB9 /* Main.storyboard */; };
		0489267F246B3FC800A1CBB9 /* Assets.xcassets in Resources */ = {isa = PBXBuildFile; fileRef = 0489267E246B3FC800A1CBB9 /* Assets.xcassets */; };
		04892682246B3FC800A1CBB9 /* LaunchScreen.storyboard in Resources */ = {isa = PBXBuildFile; fileRef = 04892680246B3FC800A1CBB9 /* LaunchScreen.storyboard */; };
		04892693246B41A200A1CBB9 /* HTTPNetworkRoute.swift in Sources */ = {isa = PBXBuildFile; fileRef = 04892692246B41A200A1CBB9 /* HTTPNetworkRoute.swift */; };
		04892695246B423900A1CBB9 /* HTTPMethod.swift in Sources */ = {isa = PBXBuildFile; fileRef = 04892694246B423900A1CBB9 /* HTTPMethod.swift */; };
		04892697246B432E00A1CBB9 /* HTTPNetworkError.swift in Sources */ = {isa = PBXBuildFile; fileRef = 04892696246B432E00A1CBB9 /* HTTPNetworkError.swift */; };
		04892699246B442B00A1CBB9 /* HTTPNetworkRequest.swift in Sources */ = {isa = PBXBuildFile; fileRef = 04892698246B442B00A1CBB9 /* HTTPNetworkRequest.swift */; };
		0489269B246B518E00A1CBB9 /* HTTPNetworkResponse.swift in Sources */ = {isa = PBXBuildFile; fileRef = 0489269A246B518E00A1CBB9 /* HTTPNetworkResponse.swift */; };
		0489269D246B538C00A1CBB9 /* URLEncoder.swift in Sources */ = {isa = PBXBuildFile; fileRef = 0489269C246B538C00A1CBB9 /* URLEncoder.swift */; };
		04F56B7F246C956F00F2B52C /* User.swift in Sources */ = {isa = PBXBuildFile; fileRef = 04F56B7E246C956F00F2B52C /* User.swift */; };
		04F56B81246C978900F2B52C /* AlbumService.swift in Sources */ = {isa = PBXBuildFile; fileRef = 04F56B80246C978900F2B52C /* AlbumService.swift */; };
		04F56B83246CAB9800F2B52C /* AlbumServiceManager.swift in Sources */ = {isa = PBXBuildFile; fileRef = 04F56B82246CAB9800F2B52C /* AlbumServiceManager.swift */; };
		04F56B85246CB58B00F2B52C /* Album.swift in Sources */ = {isa = PBXBuildFile; fileRef = 04F56B84246CB58B00F2B52C /* Album.swift */; };
/* End PBXBuildFile section */

/* Begin PBXFileReference section */
		040F2AEE24786B9C00E46E50 /* PDPlayer.swift */ = {isa = PBXFileReference; lastKnownFileType = sourcecode.swift; path = PDPlayer.swift; sourceTree = "<group>"; };
		040F2AF024786BB900E46E50 /* PDPlayer.xib */ = {isa = PBXFileReference; lastKnownFileType = file.xib; path = PDPlayer.xib; sourceTree = "<group>"; };
		040F2AF324786C3000E46E50 /* MoviePlayer_Full@2x.png */ = {isa = PBXFileReference; lastKnownFileType = image.png; path = "MoviePlayer_Full@2x.png"; sourceTree = "<group>"; };
		040F2AF424786C3000E46E50 /* Player_后退@2x.png */ = {isa = PBXFileReference; lastKnownFileType = image.png; path = "Player_后退@2x.png"; sourceTree = "<group>"; };
		040F2AF524786C3000E46E50 /* MoviePlayer_Stop@2x.png */ = {isa = PBXFileReference; lastKnownFileType = image.png; path = "MoviePlayer_Stop@2x.png"; sourceTree = "<group>"; };
		040F2AF624786C3000E46E50 /* MoviePlayer_Play_Big@2x.png */ = {isa = PBXFileReference; lastKnownFileType = image.png; path = "MoviePlayer_Play_Big@2x.png"; sourceTree = "<group>"; };
		040F2AF724786C3000E46E50 /* MoviePlayer_小屏@2x.png */ = {isa = PBXFileReference; lastKnownFileType = image.png; path = "MoviePlayer_小屏@2x.png"; sourceTree = "<group>"; };
		040F2AF824786C3000E46E50 /* MoviePlayer_Play@2x.png */ = {isa = PBXFileReference; lastKnownFileType = image.png; path = "MoviePlayer_Play@2x.png"; sourceTree = "<group>"; };
		040F2AF924786C3000E46E50 /* MoviePlayer_Stop_Big@2x.png */ = {isa = PBXFileReference; lastKnownFileType = image.png; path = "MoviePlayer_Stop_Big@2x.png"; sourceTree = "<group>"; };
		040F2AFA24786C3000E46E50 /* MoviePlayer_Slider@2x.png */ = {isa = PBXFileReference; lastKnownFileType = image.png; path = "MoviePlayer_Slider@2x.png"; sourceTree = "<group>"; };
		04617A4724770F140054320C /* PlayerViewController.swift */ = {isa = PBXFileReference; lastKnownFileType = sourcecode.swift; path = PlayerViewController.swift; sourceTree = "<group>"; };
		04617A49247713780054320C /* SandBoxHandler.swift */ = {isa = PBXFileReference; lastKnownFileType = sourcecode.swift; path = SandBoxHandler.swift; sourceTree = "<group>"; };
		046EF01D2475812C00125860 /* UIImageView+Downloader.swift */ = {isa = PBXFileReference; lastKnownFileType = sourcecode.swift; path = "UIImageView+Downloader.swift"; sourceTree = "<group>"; };
		046EF01F2475AC1200125860 /* ImageOperation.swift */ = {isa = PBXFileReference; lastKnownFileType = sourcecode.swift; path = ImageOperation.swift; sourceTree = "<group>"; };
		046EF0222475BEF700125860 /* placeholder.png */ = {isa = PBXFileReference; lastKnownFileType = image.png; name = placeholder.png; path = ../placeholder.png; sourceTree = "<group>"; };
		04892672246B3FC300A1CBB9 /* NetworkingLayer.app */ = {isa = PBXFileReference; explicitFileType = wrapper.application; includeInIndex = 0; path = NetworkingLayer.app; sourceTree = BUILT_PRODUCTS_DIR; };
		04892675246B3FC300A1CBB9 /* AppDelegate.swift */ = {isa = PBXFileReference; lastKnownFileType = sourcecode.swift; path = AppDelegate.swift; sourceTree = "<group>"; };
		04892677246B3FC300A1CBB9 /* SceneDelegate.swift */ = {isa = PBXFileReference; lastKnownFileType = sourcecode.swift; path = SceneDelegate.swift; sourceTree = "<group>"; };
		04892679246B3FC300A1CBB9 /* ViewController.swift */ = {isa = PBXFileReference; lastKnownFileType = sourcecode.swift; path = ViewController.swift; sourceTree = "<group>"; };
		0489267C246B3FC300A1CBB9 /* Base */ = {isa = PBXFileReference; lastKnownFileType = file.storyboard; name = Base; path = Base.lproj/Main.storyboard; sourceTree = "<group>"; };
		0489267E246B3FC800A1CBB9 /* Assets.xcassets */ = {isa = PBXFileReference; lastKnownFileType = folder.assetcatalog; path = Assets.xcassets; sourceTree = "<group>"; };
		04892681246B3FC800A1CBB9 /* Base */ = {isa = PBXFileReference; lastKnownFileType = file.storyboard; name = Base; path = Base.lproj/LaunchScreen.storyboard; sourceTree = "<group>"; };
		04892683246B3FC800A1CBB9 /* Info.plist */ = {isa = PBXFileReference; lastKnownFileType = text.plist.xml; path = Info.plist; sourceTree = "<group>"; };
		04892692246B41A200A1CBB9 /* HTTPNetworkRoute.swift */ = {isa = PBXFileReference; lastKnownFileType = sourcecode.swift; path = HTTPNetworkRoute.swift; sourceTree = "<group>"; };
		04892694246B423900A1CBB9 /* HTTPMethod.swift */ = {isa = PBXFileReference; lastKnownFileType = sourcecode.swift; path = HTTPMethod.swift; sourceTree = "<group>"; };
		04892696246B432E00A1CBB9 /* HTTPNetworkError.swift */ = {isa = PBXFileReference; lastKnownFileType = sourcecode.swift; path = HTTPNetworkError.swift; sourceTree = "<group>"; };
		04892698246B442B00A1CBB9 /* HTTPNetworkRequest.swift */ = {isa = PBXFileReference; lastKnownFileType = sourcecode.swift; path = HTTPNetworkRequest.swift; sourceTree = "<group>"; };
		0489269A246B518E00A1CBB9 /* HTTPNetworkResponse.swift */ = {isa = PBXFileReference; lastKnownFileType = sourcecode.swift; path = HTTPNetworkResponse.swift; sourceTree = "<group>"; };
		0489269C246B538C00A1CBB9 /* URLEncoder.swift */ = {isa = PBXFileReference; lastKnownFileType = sourcecode.swift; path = URLEncoder.swift; sourceTree = "<group>"; };
		04F56B7E246C956F00F2B52C /* User.swift */ = {isa = PBXFileReference; lastKnownFileType = sourcecode.swift; path = User.swift; sourceTree = "<group>"; };
		04F56B80246C978900F2B52C /* AlbumService.swift */ = {isa = PBXFileReference; lastKnownFileType = sourcecode.swift; path = AlbumService.swift; sourceTree = "<group>"; };
		04F56B82246CAB9800F2B52C /* AlbumServiceManager.swift */ = {isa = PBXFileReference; lastKnownFileType = sourcecode.swift; path = AlbumServiceManager.swift; sourceTree = "<group>"; };
		04F56B84246CB58B00F2B52C /* Album.swift */ = {isa = PBXFileReference; lastKnownFileType = sourcecode.swift; path = Album.swift; sourceTree = "<group>"; };
/* End PBXFileReference section */

/* Begin PBXFrameworksBuildPhase section */
		0489266F246B3FC300A1CBB9 /* Frameworks */ = {
			isa = PBXFrameworksBuildPhase;
			buildActionMask = 2147483647;
			files = (
			);
			runOnlyForDeploymentPostprocessing = 0;
		};
/* End PBXFrameworksBuildPhase section */

/* Begin PBXGroup section */
		040F2AED24786B7400E46E50 /* PDPlayer */ = {
			isa = PBXGroup;
			children = (
				040F2AEE24786B9C00E46E50 /* PDPlayer.swift */,
				040F2AF024786BB900E46E50 /* PDPlayer.xib */,
			);
			path = PDPlayer;
			sourceTree = "<group>";
		};
		040F2AF224786C3000E46E50 /* Image */ = {
			isa = PBXGroup;
			children = (
				046EF0222475BEF700125860 /* placeholder.png */,
				040F2AF324786C3000E46E50 /* MoviePlayer_Full@2x.png */,
				040F2AF424786C3000E46E50 /* Player_后退@2x.png */,
				040F2AF524786C3000E46E50 /* MoviePlayer_Stop@2x.png */,
				040F2AF624786C3000E46E50 /* MoviePlayer_Play_Big@2x.png */,
				040F2AF724786C3000E46E50 /* MoviePlayer_小屏@2x.png */,
				040F2AF824786C3000E46E50 /* MoviePlayer_Play@2x.png */,
				040F2AF924786C3000E46E50 /* MoviePlayer_Stop_Big@2x.png */,
				040F2AFA24786C3000E46E50 /* MoviePlayer_Slider@2x.png */,
			);
			path = Image;
			sourceTree = "<group>";
		};
		046EF0212475BEE800125860 /* Resource */ = {
			isa = PBXGroup;
			children = (
				040F2AF224786C3000E46E50 /* Image */,
			);
			path = Resource;
			sourceTree = "<group>";
		};
		04892669246B3FC300A1CBB9 = {
			isa = PBXGroup;
			children = (
				04892674246B3FC300A1CBB9 /* NetworkingLayer */,
				04892673246B3FC300A1CBB9 /* Products */,
			);
			sourceTree = "<group>";
		};
		04892673246B3FC300A1CBB9 /* Products */ = {
			isa = PBXGroup;
			children = (
				04892672246B3FC300A1CBB9 /* NetworkingLayer.app */,
			);
			name = Products;
			sourceTree = "<group>";
		};
		04892674246B3FC300A1CBB9 /* NetworkingLayer */ = {
			isa = PBXGroup;
			children = (
				04892689246B3FDD00A1CBB9 /* Controller */,
				0489268D246B406300A1CBB9 /* Models */,
				0489268A246B406300A1CBB9 /* Views */,
				0489268E246B40AE00A1CBB9 /* Networking */,
				0489268C246B406300A1CBB9 /* Extensions */,
				0489268B246B406300A1CBB9 /* Helpers */,
				046EF0212475BEE800125860 /* Resource */,
				04892677246B3FC300A1CBB9 /* SceneDelegate.swift */,
				04892675246B3FC300A1CBB9 /* AppDelegate.swift */,
				0489267E246B3FC800A1CBB9 /* Assets.xcassets */,
				04892680246B3FC800A1CBB9 /* LaunchScreen.storyboard */,
				04892683246B3FC800A1CBB9 /* Info.plist */,
			);
			path = NetworkingLayer;
			sourceTree = "<group>";
		};
		04892689246B3FDD00A1CBB9 /* Controller */ = {
			isa = PBXGroup;
			children = (
				0489267B246B3FC300A1CBB9 /* Main.storyboard */,
				04892679246B3FC300A1CBB9 /* ViewController.swift */,
				04617A4724770F140054320C /* PlayerViewController.swift */,
			);
			path = Controller;
			sourceTree = "<group>";
		};
		0489268A246B406300A1CBB9 /* Views */ = {
			isa = PBXGroup;
			children = (
			);
			path = Views;
			sourceTree = "<group>";
		};
		0489268B246B406300A1CBB9 /* Helpers */ = {
			isa = PBXGroup;
			children = (
				040F2AED24786B7400E46E50 /* PDPlayer */,
				046EF01F2475AC1200125860 /* ImageOperation.swift */,
				04617A49247713780054320C /* SandBoxHandler.swift */,
			);
			path = Helpers;
			sourceTree = "<group>";
		};
		0489268C246B406300A1CBB9 /* Extensions */ = {
			isa = PBXGroup;
			children = (
				046EF01D2475812C00125860 /* UIImageView+Downloader.swift */,
			);
			path = Extensions;
			sourceTree = "<group>";
		};
		0489268D246B406300A1CBB9 /* Models */ = {
			isa = PBXGroup;
			children = (
				04F56B7E246C956F00F2B52C /* User.swift */,
				04F56B84246CB58B00F2B52C /* Album.swift */,
			);
			path = Models;
			sourceTree = "<group>";
		};
		0489268E246B40AE00A1CBB9 /* Networking */ = {
			isa = PBXGroup;
			children = (
				0489268F246B40D800A1CBB9 /* HTTP */,
				04892690246B40DF00A1CBB9 /* Encoding */,
				04892691246B40E800A1CBB9 /* Service */,
			);
			path = Networking;
			sourceTree = "<group>";
		};
		0489268F246B40D800A1CBB9 /* HTTP */ = {
			isa = PBXGroup;
			children = (
				04892692246B41A200A1CBB9 /* HTTPNetworkRoute.swift */,
				04892694246B423900A1CBB9 /* HTTPMethod.swift */,
				04892696246B432E00A1CBB9 /* HTTPNetworkError.swift */,
				04892698246B442B00A1CBB9 /* HTTPNetworkRequest.swift */,
				0489269A246B518E00A1CBB9 /* HTTPNetworkResponse.swift */,
			);
			path = HTTP;
			sourceTree = "<group>";
		};
		04892690246B40DF00A1CBB9 /* Encoding */ = {
			isa = PBXGroup;
			children = (
				0489269C246B538C00A1CBB9 /* URLEncoder.swift */,
			);
			path = Encoding;
			sourceTree = "<group>";
		};
		04892691246B40E800A1CBB9 /* Service */ = {
			isa = PBXGroup;
			children = (
				04F56B80246C978900F2B52C /* AlbumService.swift */,
				04F56B82246CAB9800F2B52C /* AlbumServiceManager.swift */,
			);
			path = Service;
			sourceTree = "<group>";
		};
/* End PBXGroup section */

/* Begin PBXNativeTarget section */
		04892671246B3FC300A1CBB9 /* NetworkingLayer */ = {
			isa = PBXNativeTarget;
			buildConfigurationList = 04892686246B3FC800A1CBB9 /* Build configuration list for PBXNativeTarget "NetworkingLayer" */;
			buildPhases = (
				0489266E246B3FC300A1CBB9 /* Sources */,
				0489266F246B3FC300A1CBB9 /* Frameworks */,
				04892670246B3FC300A1CBB9 /* Resources */,
			);
			buildRules = (
			);
			dependencies = (
			);
			name = NetworkingLayer;
			productName = NetworkingLayer;
			productReference = 04892672246B3FC300A1CBB9 /* NetworkingLayer.app */;
			productType = "com.apple.product-type.application";
		};
/* End PBXNativeTarget section */

/* Begin PBXProject section */
		0489266A246B3FC300A1CBB9 /* Project object */ = {
			isa = PBXProject;
			attributes = {
				LastSwiftUpdateCheck = 1140;
				LastUpgradeCheck = 1140;
				ORGANIZATIONNAME = "肖培德";
				TargetAttributes = {
					04892671246B3FC300A1CBB9 = {
						CreatedOnToolsVersion = 11.4.1;
					};
				};
			};
			buildConfigurationList = 0489266D246B3FC300A1CBB9 /* Build configuration list for PBXProject "NetworkingLayer" */;
			compatibilityVersion = "Xcode 9.3";
			developmentRegion = en;
			hasScannedForEncodings = 0;
			knownRegions = (
				en,
				Base,
			);
			mainGroup = 04892669246B3FC300A1CBB9;
			productRefGroup = 04892673246B3FC300A1CBB9 /* Products */;
			projectDirPath = "";
			projectRoot = "";
			targets = (
				04892671246B3FC300A1CBB9 /* NetworkingLayer */,
			);
		};
/* End PBXProject section */

/* Begin PBXResourcesBuildPhase section */
		04892670246B3FC300A1CBB9 /* Resources */ = {
			isa = PBXResourcesBuildPhase;
			buildActionMask = 2147483647;
			files = (
				04892682246B3FC800A1CBB9 /* LaunchScreen.storyboard in Resources */,
				040F2AF124786BB900E46E50 /* PDPlayer.xib in Resources */,
				046EF0232475BEF700125860 /* placeholder.png in Resources */,
				0489267F246B3FC800A1CBB9 /* Assets.xcassets in Resources */,
				0489267D246B3FC300A1CBB9 /* Main.storyboard in Resources */,
			);
			runOnlyForDeploymentPostprocessing = 0;
		};
/* End PBXResourcesBuildPhase section */

/* Begin PBXSourcesBuildPhase section */
		0489266E246B3FC300A1CBB9 /* Sources */ = {
			isa = PBXSourcesBuildPhase;
			buildActionMask = 2147483647;
			files = (
				04F56B85246CB58B00F2B52C /* Album.swift in Sources */,
				04617A4824770F140054320C /* PlayerViewController.swift in Sources */,
				04892699246B442B00A1CBB9 /* HTTPNetworkRequest.swift in Sources */,
				0489267A246B3FC300A1CBB9 /* ViewController.swift in Sources */,
				04892697246B432E00A1CBB9 /* HTTPNetworkError.swift in Sources */,
				0489269D246B538C00A1CBB9 /* URLEncoder.swift in Sources */,
				04F56B83246CAB9800F2B52C /* AlbumServiceManager.swift in Sources */,
				04892676246B3FC300A1CBB9 /* AppDelegate.swift in Sources */,
				046EF01E2475812C00125860 /* UIImageView+Downloader.swift in Sources */,
				040F2AEF24786B9C00E46E50 /* PDPlayer.swift in Sources */,
				04892693246B41A200A1CBB9 /* HTTPNetworkRoute.swift in Sources */,
				0489269B246B518E00A1CBB9 /* HTTPNetworkResponse.swift in Sources */,
				046EF0202475AC1300125860 /* ImageOperation.swift in Sources */,
				04892695246B423900A1CBB9 /* HTTPMethod.swift in Sources */,
				04F56B7F246C956F00F2B52C /* User.swift in Sources */,
				04892678246B3FC300A1CBB9 /* SceneDelegate.swift in Sources */,
				04F56B81246C978900F2B52C /* AlbumService.swift in Sources */,
				04617A4A247713790054320C /* SandBoxHandler.swift in Sources */,
			);
			runOnlyForDeploymentPostprocessing = 0;
		};
/* End PBXSourcesBuildPhase section */

/* Begin PBXVariantGroup section */
		0489267B246B3FC300A1CBB9 /* Main.storyboard */ = {
			isa = PBXVariantGroup;
			children = (
				0489267C246B3FC300A1CBB9 /* Base */,
			);
			name = Main.storyboard;
			sourceTree = "<group>";
		};
		04892680246B3FC800A1CBB9 /* LaunchScreen.storyboard */ = {
			isa = PBXVariantGroup;
			children = (
				04892681246B3FC800A1CBB9 /* Base */,
			);
			name = LaunchScreen.storyboard;
			sourceTree = "<group>";
		};
/* End PBXVariantGroup section */

/* Begin XCBuildConfiguration section */
		04892684246B3FC800A1CBB9 /* Debug */ = {
			isa = XCBuildConfiguration;
			buildSettings = {
				ALWAYS_SEARCH_USER_PATHS = NO;
				CLANG_ANALYZER_NONNULL = YES;
				CLANG_ANALYZER_NUMBER_OBJECT_CONVERSION = YES_AGGRESSIVE;
				CLANG_CXX_LANGUAGE_STANDARD = "gnu++14";
				CLANG_CXX_LIBRARY = "libc++";
				CLANG_ENABLE_MODULES = YES;
				CLANG_ENABLE_OBJC_ARC = YES;
				CLANG_ENABLE_OBJC_WEAK = YES;
				CLANG_WARN_BLOCK_CAPTURE_AUTORELEASING = YES;
				CLANG_WARN_BOOL_CONVERSION = YES;
				CLANG_WARN_COMMA = YES;
				CLANG_WARN_CONSTANT_CONVERSION = YES;
				CLANG_WARN_DEPRECATED_OBJC_IMPLEMENTATIONS = YES;
				CLANG_WARN_DIRECT_OBJC_ISA_USAGE = YES_ERROR;
				CLANG_WARN_DOCUMENTATION_COMMENTS = YES;
				CLANG_WARN_EMPTY_BODY = YES;
				CLANG_WARN_ENUM_CONVERSION = YES;
				CLANG_WARN_INFINITE_RECURSION = YES;
				CLANG_WARN_INT_CONVERSION = YES;
				CLANG_WARN_NON_LITERAL_NULL_CONVERSION = YES;
				CLANG_WARN_OBJC_IMPLICIT_RETAIN_SELF = YES;
				CLANG_WARN_OBJC_LITERAL_CONVERSION = YES;
				CLANG_WARN_OBJC_ROOT_CLASS = YES_ERROR;
				CLANG_WARN_RANGE_LOOP_ANALYSIS = YES;
				CLANG_WARN_STRICT_PROTOTYPES = YES;
				CLANG_WARN_SUSPICIOUS_MOVE = YES;
				CLANG_WARN_UNGUARDED_AVAILABILITY = YES_AGGRESSIVE;
				CLANG_WARN_UNREACHABLE_CODE = YES;
				CLANG_WARN__DUPLICATE_METHOD_MATCH = YES;
				COPY_PHASE_STRIP = NO;
				DEBUG_INFORMATION_FORMAT = dwarf;
				ENABLE_STRICT_OBJC_MSGSEND = YES;
				ENABLE_TESTABILITY = YES;
				GCC_C_LANGUAGE_STANDARD = gnu11;
				GCC_DYNAMIC_NO_PIC = NO;
				GCC_NO_COMMON_BLOCKS = YES;
				GCC_OPTIMIZATION_LEVEL = 0;
				GCC_PREPROCESSOR_DEFINITIONS = (
					"DEBUG=1",
					"$(inherited)",
				);
				GCC_WARN_64_TO_32_BIT_CONVERSION = YES;
				GCC_WARN_ABOUT_RETURN_TYPE = YES_ERROR;
				GCC_WARN_UNDECLARED_SELECTOR = YES;
				GCC_WARN_UNINITIALIZED_AUTOS = YES_AGGRESSIVE;
				GCC_WARN_UNUSED_FUNCTION = YES;
				GCC_WARN_UNUSED_VARIABLE = YES;
				IPHONEOS_DEPLOYMENT_TARGET = 13.4;
				MTL_ENABLE_DEBUG_INFO = INCLUDE_SOURCE;
				MTL_FAST_MATH = YES;
				ONLY_ACTIVE_ARCH = YES;
				SDKROOT = iphoneos;
				SWIFT_ACTIVE_COMPILATION_CONDITIONS = DEBUG;
				SWIFT_OPTIMIZATION_LEVEL = "-Onone";
			};
			name = Debug;
		};
		04892685246B3FC800A1CBB9 /* Release */ = {
			isa = XCBuildConfiguration;
			buildSettings = {
				ALWAYS_SEARCH_USER_PATHS = NO;
				CLANG_ANALYZER_NONNULL = YES;
				CLANG_ANALYZER_NUMBER_OBJECT_CONVERSION = YES_AGGRESSIVE;
				CLANG_CXX_LANGUAGE_STANDARD = "gnu++14";
				CLANG_CXX_LIBRARY = "libc++";
				CLANG_ENABLE_MODULES = YES;
				CLANG_ENABLE_OBJC_ARC = YES;
				CLANG_ENABLE_OBJC_WEAK = YES;
				CLANG_WARN_BLOCK_CAPTURE_AUTORELEASING = YES;
				CLANG_WARN_BOOL_CONVERSION = YES;
				CLANG_WARN_COMMA = YES;
				CLANG_WARN_CONSTANT_CONVERSION = YES;
				CLANG_WARN_DEPRECATED_OBJC_IMPLEMENTATIONS = YES;
				CLANG_WARN_DIRECT_OBJC_ISA_USAGE = YES_ERROR;
				CLANG_WARN_DOCUMENTATION_COMMENTS = YES;
				CLANG_WARN_EMPTY_BODY = YES;
				CLANG_WARN_ENUM_CONVERSION = YES;
				CLANG_WARN_INFINITE_RECURSION = YES;
				CLANG_WARN_INT_CONVERSION = YES;
				CLANG_WARN_NON_LITERAL_NULL_CONVERSION = YES;
				CLANG_WARN_OBJC_IMPLICIT_RETAIN_SELF = YES;
				CLANG_WARN_OBJC_LITERAL_CONVERSION = YES;
				CLANG_WARN_OBJC_ROOT_CLASS = YES_ERROR;
				CLANG_WARN_RANGE_LOOP_ANALYSIS = YES;
				CLANG_WARN_STRICT_PROTOTYPES = YES;
				CLANG_WARN_SUSPICIOUS_MOVE = YES;
				CLANG_WARN_UNGUARDED_AVAILABILITY = YES_AGGRESSIVE;
				CLANG_WARN_UNREACHABLE_CODE = YES;
				CLANG_WARN__DUPLICATE_METHOD_MATCH = YES;
				COPY_PHASE_STRIP = NO;
				DEBUG_INFORMATION_FORMAT = "dwarf-with-dsym";
				ENABLE_NS_ASSERTIONS = NO;
				ENABLE_STRICT_OBJC_MSGSEND = YES;
				GCC_C_LANGUAGE_STANDARD = gnu11;
				GCC_NO_COMMON_BLOCKS = YES;
				GCC_WARN_64_TO_32_BIT_CONVERSION = YES;
				GCC_WARN_ABOUT_RETURN_TYPE = YES_ERROR;
				GCC_WARN_UNDECLARED_SELECTOR = YES;
				GCC_WARN_UNINITIALIZED_AUTOS = YES_AGGRESSIVE;
				GCC_WARN_UNUSED_FUNCTION = YES;
				GCC_WARN_UNUSED_VARIABLE = YES;
				IPHONEOS_DEPLOYMENT_TARGET = 13.4;
				MTL_ENABLE_DEBUG_INFO = NO;
				MTL_FAST_MATH = YES;
				SDKROOT = iphoneos;
				SWIFT_COMPILATION_MODE = wholemodule;
				SWIFT_OPTIMIZATION_LEVEL = "-O";
				VALIDATE_PRODUCT = YES;
			};
			name = Release;
		};
		04892687246B3FC800A1CBB9 /* Debug */ = {
			isa = XCBuildConfiguration;
			buildSettings = {
				ASSETCATALOG_COMPILER_APPICON_NAME = AppIcon;
				CODE_SIGN_STYLE = Automatic;
				DEVELOPMENT_TEAM = KP5C2HFX82;
				INFOPLIST_FILE = NetworkingLayer/Info.plist;
				LD_RUNPATH_SEARCH_PATHS = (
					"$(inherited)",
					"@executable_path/Frameworks",
				);
				PRODUCT_BUNDLE_IDENTIFIER = com.jeunesseglobal.NetworkingLayer;
				PRODUCT_NAME = "$(TARGET_NAME)";
				SWIFT_VERSION = 5.0;
				TARGETED_DEVICE_FAMILY = "1,2";
			};
			name = Debug;
		};
		04892688246B3FC800A1CBB9 /* Release */ = {
			isa = XCBuildConfiguration;
			buildSettings = {
				ASSETCATALOG_COMPILER_APPICON_NAME = AppIcon;
				CODE_SIGN_STYLE = Automatic;
				DEVELOPMENT_TEAM = KP5C2HFX82;
				INFOPLIST_FILE = NetworkingLayer/Info.plist;
				LD_RUNPATH_SEARCH_PATHS = (
					"$(inherited)",
					"@executable_path/Frameworks",
				);
				PRODUCT_BUNDLE_IDENTIFIER = com.jeunesseglobal.NetworkingLayer;
				PRODUCT_NAME = "$(TARGET_NAME)";
				SWIFT_VERSION = 5.0;
				TARGETED_DEVICE_FAMILY = "1,2";
			};
			name = Release;
		};
/* End XCBuildConfiguration section */

/* Begin XCConfigurationList section */
		0489266D246B3FC300A1CBB9 /* Build configuration list for PBXProject "NetworkingLayer" */ = {
			isa = XCConfigurationList;
			buildConfigurations = (
				04892684246B3FC800A1CBB9 /* Debug */,
				04892685246B3FC800A1CBB9 /* Release */,
			);
			defaultConfigurationIsVisible = 0;
			defaultConfigurationName = Release;
		};
		04892686246B3FC800A1CBB9 /* Build configuration list for PBXNativeTarget "NetworkingLayer" */ = {
			isa = XCConfigurationList;
			buildConfigurations = (
				04892687246B3FC800A1CBB9 /* Debug */,
				04892688246B3FC800A1CBB9 /* Release */,
			);
			defaultConfigurationIsVisible = 0;
			defaultConfigurationName = Release;
		};
/* End XCConfigurationList section */
	};
	rootObject = 0489266A246B3FC300A1CBB9 /* Project object */;
}
